// !$*UTF8*$!
{
	archiveVersion = 1;
	classes = {
	};
	objectVersion = 50;
	objects = {

/* Begin PBXBuildFile section */
		96933090325EB72160B83438 /* Pods_OrangeBank.framework in Frameworks */ = {isa = PBXBuildFile; fileRef = 6D9C4FA4E66712410636DD12 /* Pods_OrangeBank.framework */; };
		9C857F64215E3288005A6947 /* AppDelegate.swift in Sources */ = {isa = PBXBuildFile; fileRef = 9C857F63215E3288005A6947 /* AppDelegate.swift */; };
		9C857F66215E3288005A6947 /* MainController.swift in Sources */ = {isa = PBXBuildFile; fileRef = 9C857F65215E3288005A6947 /* MainController.swift */; };
		9C857F69215E3288005A6947 /* Main.storyboard in Resources */ = {isa = PBXBuildFile; fileRef = 9C857F67215E3288005A6947 /* Main.storyboard */; };
		9C857F6B215E328B005A6947 /* Assets.xcassets in Resources */ = {isa = PBXBuildFile; fileRef = 9C857F6A215E328B005A6947 /* Assets.xcassets */; };
		9C857F6E215E328B005A6947 /* LaunchScreen.storyboard in Resources */ = {isa = PBXBuildFile; fileRef = 9C857F6C215E328B005A6947 /* LaunchScreen.storyboard */; };
		9C857F79215E328B005A6947 /* OrangeBankTests.swift in Sources */ = {isa = PBXBuildFile; fileRef = 9C857F78215E328B005A6947 /* OrangeBankTests.swift */; };
		9C857F84215E328B005A6947 /* OrangeBankUITests.swift in Sources */ = {isa = PBXBuildFile; fileRef = 9C857F83215E328B005A6947 /* OrangeBankUITests.swift */; };
		9C857F97215E340B005A6947 /* MainPresenter.swift in Sources */ = {isa = PBXBuildFile; fileRef = 9C857F96215E340B005A6947 /* MainPresenter.swift */; };
		9C857FA0215E3607005A6947 /* PresenterBase.swift in Sources */ = {isa = PBXBuildFile; fileRef = 9C857F9F215E3607005A6947 /* PresenterBase.swift */; };
		9C857FA2215E388D005A6947 /* Transaction.swift in Sources */ = {isa = PBXBuildFile; fileRef = 9C857FA1215E388D005A6947 /* Transaction.swift */; };
		9C857FA6215E3DC1005A6947 /* Utils.swift in Sources */ = {isa = PBXBuildFile; fileRef = 9C857FA5215E3DC1005A6947 /* Utils.swift */; };
		9C857FA8215E40AF005A6947 /* APIService.swift in Sources */ = {isa = PBXBuildFile; fileRef = 9C857FA7215E40AF005A6947 /* APIService.swift */; };
		9C857FAB215E477B005A6947 /* APIGateway.swift in Sources */ = {isa = PBXBuildFile; fileRef = 9C857FAA215E477B005A6947 /* APIGateway.swift */; };
		F176B072571F842198FA05AA /* Pods_OrangeBankUITests.framework in Frameworks */ = {isa = PBXBuildFile; fileRef = 9F4EB7E3B25AB3D92081F21B /* Pods_OrangeBankUITests.framework */; };
		FA1AB207FF24FE167BB98449 /* Pods_OrangeBankTests.framework in Frameworks */ = {isa = PBXBuildFile; fileRef = 1D20945F735177682A006F15 /* Pods_OrangeBankTests.framework */; };
/* End PBXBuildFile section */

/* Begin PBXContainerItemProxy section */
		9C857F75215E328B005A6947 /* PBXContainerItemProxy */ = {
			isa = PBXContainerItemProxy;
			containerPortal = 9C857F58215E3288005A6947 /* Project object */;
			proxyType = 1;
			remoteGlobalIDString = 9C857F5F215E3288005A6947;
			remoteInfo = OrangeBank;
		};
		9C857F80215E328B005A6947 /* PBXContainerItemProxy */ = {
			isa = PBXContainerItemProxy;
			containerPortal = 9C857F58215E3288005A6947 /* Project object */;
			proxyType = 1;
			remoteGlobalIDString = 9C857F5F215E3288005A6947;
			remoteInfo = OrangeBank;
		};
/* End PBXContainerItemProxy section */

/* Begin PBXFileReference section */
		1D20945F735177682A006F15 /* Pods_OrangeBankTests.framework */ = {isa = PBXFileReference; explicitFileType = wrapper.framework; includeInIndex = 0; path = Pods_OrangeBankTests.framework; sourceTree = BUILT_PRODUCTS_DIR; };
		51A0E01D815646E73C3E9508 /* Pods-OrangeBank.debug.xcconfig */ = {isa = PBXFileReference; includeInIndex = 1; lastKnownFileType = text.xcconfig; name = "Pods-OrangeBank.debug.xcconfig"; path = "Pods/Target Support Files/Pods-OrangeBank/Pods-OrangeBank.debug.xcconfig"; sourceTree = "<group>"; };
		6D9C4FA4E66712410636DD12 /* Pods_OrangeBank.framework */ = {isa = PBXFileReference; explicitFileType = wrapper.framework; includeInIndex = 0; path = Pods_OrangeBank.framework; sourceTree = BUILT_PRODUCTS_DIR; };
		8D80C347FBA3FEDAAC8C9AF1 /* Pods-OrangeBankTests.debug.xcconfig */ = {isa = PBXFileReference; includeInIndex = 1; lastKnownFileType = text.xcconfig; name = "Pods-OrangeBankTests.debug.xcconfig"; path = "Pods/Target Support Files/Pods-OrangeBankTests/Pods-OrangeBankTests.debug.xcconfig"; sourceTree = "<group>"; };
		926ADA2EB4F1FF0C2E22B2B2 /* Pods-OrangeBankUITests.release.xcconfig */ = {isa = PBXFileReference; includeInIndex = 1; lastKnownFileType = text.xcconfig; name = "Pods-OrangeBankUITests.release.xcconfig"; path = "Pods/Target Support Files/Pods-OrangeBankUITests/Pods-OrangeBankUITests.release.xcconfig"; sourceTree = "<group>"; };
		9C857F60215E3288005A6947 /* OrangeBank.app */ = {isa = PBXFileReference; explicitFileType = wrapper.application; includeInIndex = 0; path = OrangeBank.app; sourceTree = BUILT_PRODUCTS_DIR; };
		9C857F63215E3288005A6947 /* AppDelegate.swift */ = {isa = PBXFileReference; lastKnownFileType = sourcecode.swift; path = AppDelegate.swift; sourceTree = "<group>"; };
		9C857F65215E3288005A6947 /* MainController.swift */ = {isa = PBXFileReference; lastKnownFileType = sourcecode.swift; path = MainController.swift; sourceTree = "<group>"; };
		9C857F68215E3288005A6947 /* Base */ = {isa = PBXFileReference; lastKnownFileType = file.storyboard; name = Base; path = Base.lproj/Main.storyboard; sourceTree = "<group>"; };
		9C857F6A215E328B005A6947 /* Assets.xcassets */ = {isa = PBXFileReference; lastKnownFileType = folder.assetcatalog; path = Assets.xcassets; sourceTree = "<group>"; };
		9C857F6D215E328B005A6947 /* Base */ = {isa = PBXFileReference; lastKnownFileType = file.storyboard; name = Base; path = Base.lproj/LaunchScreen.storyboard; sourceTree = "<group>"; };
		9C857F6F215E328B005A6947 /* Info.plist */ = {isa = PBXFileReference; lastKnownFileType = text.plist.xml; path = Info.plist; sourceTree = "<group>"; };
		9C857F74215E328B005A6947 /* OrangeBankTests.xctest */ = {isa = PBXFileReference; explicitFileType = wrapper.cfbundle; includeInIndex = 0; path = OrangeBankTests.xctest; sourceTree = BUILT_PRODUCTS_DIR; };
		9C857F78215E328B005A6947 /* OrangeBankTests.swift */ = {isa = PBXFileReference; lastKnownFileType = sourcecode.swift; path = OrangeBankTests.swift; sourceTree = "<group>"; };
		9C857F7A215E328B005A6947 /* Info.plist */ = {isa = PBXFileReference; lastKnownFileType = text.plist.xml; path = Info.plist; sourceTree = "<group>"; };
		9C857F7F215E328B005A6947 /* OrangeBankUITests.xctest */ = {isa = PBXFileReference; explicitFileType = wrapper.cfbundle; includeInIndex = 0; path = OrangeBankUITests.xctest; sourceTree = BUILT_PRODUCTS_DIR; };
		9C857F83215E328B005A6947 /* OrangeBankUITests.swift */ = {isa = PBXFileReference; lastKnownFileType = sourcecode.swift; path = OrangeBankUITests.swift; sourceTree = "<group>"; };
		9C857F85215E328B005A6947 /* Info.plist */ = {isa = PBXFileReference; lastKnownFileType = text.plist.xml; path = Info.plist; sourceTree = "<group>"; };
		9C857F96215E340B005A6947 /* MainPresenter.swift */ = {isa = PBXFileReference; lastKnownFileType = sourcecode.swift; path = MainPresenter.swift; sourceTree = "<group>"; };
		9C857F9F215E3607005A6947 /* PresenterBase.swift */ = {isa = PBXFileReference; lastKnownFileType = sourcecode.swift; path = PresenterBase.swift; sourceTree = "<group>"; };
		9C857FA1215E388D005A6947 /* Transaction.swift */ = {isa = PBXFileReference; lastKnownFileType = sourcecode.swift; path = Transaction.swift; sourceTree = "<group>"; };
		9C857FA5215E3DC1005A6947 /* Utils.swift */ = {isa = PBXFileReference; lastKnownFileType = sourcecode.swift; path = Utils.swift; sourceTree = "<group>"; };
		9C857FA7215E40AF005A6947 /* APIService.swift */ = {isa = PBXFileReference; lastKnownFileType = sourcecode.swift; path = APIService.swift; sourceTree = "<group>"; };
		9C857FAA215E477B005A6947 /* APIGateway.swift */ = {isa = PBXFileReference; lastKnownFileType = sourcecode.swift; path = APIGateway.swift; sourceTree = "<group>"; };
		9F4EB7E3B25AB3D92081F21B /* Pods_OrangeBankUITests.framework */ = {isa = PBXFileReference; explicitFileType = wrapper.framework; includeInIndex = 0; path = Pods_OrangeBankUITests.framework; sourceTree = BUILT_PRODUCTS_DIR; };
		A47E7299C41426882A718618 /* Pods-OrangeBankTests.release.xcconfig */ = {isa = PBXFileReference; includeInIndex = 1; lastKnownFileType = text.xcconfig; name = "Pods-OrangeBankTests.release.xcconfig"; path = "Pods/Target Support Files/Pods-OrangeBankTests/Pods-OrangeBankTests.release.xcconfig"; sourceTree = "<group>"; };
		CA951A5EB5638640BFBE9586 /* Pods-OrangeBankUITests.debug.xcconfig */ = {isa = PBXFileReference; includeInIndex = 1; lastKnownFileType = text.xcconfig; name = "Pods-OrangeBankUITests.debug.xcconfig"; path = "Pods/Target Support Files/Pods-OrangeBankUITests/Pods-OrangeBankUITests.debug.xcconfig"; sourceTree = "<group>"; };
		DE4C517FAB06847F466212A7 /* Pods-OrangeBank.release.xcconfig */ = {isa = PBXFileReference; includeInIndex = 1; lastKnownFileType = text.xcconfig; name = "Pods-OrangeBank.release.xcconfig"; path = "Pods/Target Support Files/Pods-OrangeBank/Pods-OrangeBank.release.xcconfig"; sourceTree = "<group>"; };
/* End PBXFileReference section */

/* Begin PBXFrameworksBuildPhase section */
		9C857F5D215E3288005A6947 /* Frameworks */ = {
			isa = PBXFrameworksBuildPhase;
			buildActionMask = 2147483647;
			files = (
				96933090325EB72160B83438 /* Pods_OrangeBank.framework in Frameworks */,
			);
			runOnlyForDeploymentPostprocessing = 0;
		};
		9C857F71215E328B005A6947 /* Frameworks */ = {
			isa = PBXFrameworksBuildPhase;
			buildActionMask = 2147483647;
			files = (
				FA1AB207FF24FE167BB98449 /* Pods_OrangeBankTests.framework in Frameworks */,
			);
			runOnlyForDeploymentPostprocessing = 0;
		};
		9C857F7C215E328B005A6947 /* Frameworks */ = {
			isa = PBXFrameworksBuildPhase;
			buildActionMask = 2147483647;
			files = (
				F176B072571F842198FA05AA /* Pods_OrangeBankUITests.framework in Frameworks */,
			);
			runOnlyForDeploymentPostprocessing = 0;
		};
/* End PBXFrameworksBuildPhase section */

/* Begin PBXGroup section */
		6A09B339B0B8A2D169F345BB /* Frameworks */ = {
			isa = PBXGroup;
			children = (
				6D9C4FA4E66712410636DD12 /* Pods_OrangeBank.framework */,
				1D20945F735177682A006F15 /* Pods_OrangeBankTests.framework */,
				9F4EB7E3B25AB3D92081F21B /* Pods_OrangeBankUITests.framework */,
			);
			name = Frameworks;
			sourceTree = "<group>";
		};
		804012294D0497DBAEFFC9DD /* Pods */ = {
			isa = PBXGroup;
			children = (
				51A0E01D815646E73C3E9508 /* Pods-OrangeBank.debug.xcconfig */,
				DE4C517FAB06847F466212A7 /* Pods-OrangeBank.release.xcconfig */,
				8D80C347FBA3FEDAAC8C9AF1 /* Pods-OrangeBankTests.debug.xcconfig */,
				A47E7299C41426882A718618 /* Pods-OrangeBankTests.release.xcconfig */,
				CA951A5EB5638640BFBE9586 /* Pods-OrangeBankUITests.debug.xcconfig */,
				926ADA2EB4F1FF0C2E22B2B2 /* Pods-OrangeBankUITests.release.xcconfig */,
			);
			name = Pods;
			sourceTree = "<group>";
		};
		9C857F57215E3288005A6947 = {
			isa = PBXGroup;
			children = (
				9C857F62215E3288005A6947 /* OrangeBank */,
				9C857F77215E328B005A6947 /* OrangeBankTests */,
				9C857F82215E328B005A6947 /* OrangeBankUITests */,
				9C857F61215E3288005A6947 /* Products */,
				804012294D0497DBAEFFC9DD /* Pods */,
				6A09B339B0B8A2D169F345BB /* Frameworks */,
			);
			sourceTree = "<group>";
		};
		9C857F61215E3288005A6947 /* Products */ = {
			isa = PBXGroup;
			children = (
				9C857F60215E3288005A6947 /* OrangeBank.app */,
				9C857F74215E328B005A6947 /* OrangeBankTests.xctest */,
				9C857F7F215E328B005A6947 /* OrangeBankUITests.xctest */,
			);
			name = Products;
			sourceTree = "<group>";
		};
		9C857F62215E3288005A6947 /* OrangeBank */ = {
			isa = PBXGroup;
			children = (
				9C857F91215E3384005A6947 /* Application */,
				9C857F9A215E3431005A6947 /* Business */,
				9C857F92215E338E005A6947 /* Presentation */,
				9C857F93215E3394005A6947 /* Resources */,
				9C857F6F215E328B005A6947 /* Info.plist */,
			);
			path = OrangeBank;
			sourceTree = "<group>";
		};
		9C857F77215E328B005A6947 /* OrangeBankTests */ = {
			isa = PBXGroup;
			children = (
				9C857F78215E328B005A6947 /* OrangeBankTests.swift */,
				9C857F7A215E328B005A6947 /* Info.plist */,
			);
			path = OrangeBankTests;
			sourceTree = "<group>";
		};
		9C857F82215E328B005A6947 /* OrangeBankUITests */ = {
			isa = PBXGroup;
			children = (
				9C857F83215E328B005A6947 /* OrangeBankUITests.swift */,
				9C857F85215E328B005A6947 /* Info.plist */,
			);
			path = OrangeBankUITests;
			sourceTree = "<group>";
		};
		9C857F91215E3384005A6947 /* Application */ = {
			isa = PBXGroup;
			children = (
				9C857F63215E3288005A6947 /* AppDelegate.swift */,
			);
			path = Application;
			sourceTree = "<group>";
		};
		9C857F92215E338E005A6947 /* Presentation */ = {
			isa = PBXGroup;
			children = (
				9C857F9E215E35F5005A6947 /* Base */,
				9C857FA3215E39D0005A6947 /* Main */,
				9C857FA4215E39D7005A6947 /* Utils */,
			);
			path = Presentation;
			sourceTree = "<group>";
		};
		9C857F93215E3394005A6947 /* Resources */ = {
			isa = PBXGroup;
			children = (
				9C857F94215E339E005A6947 /* Workflow */,
				9C857F6A215E328B005A6947 /* Assets.xcassets */,
			);
			path = Resources;
			sourceTree = "<group>";
		};
		9C857F94215E339E005A6947 /* Workflow */ = {
			isa = PBXGroup;
			children = (
				9C857F6C215E328B005A6947 /* LaunchScreen.storyboard */,
				9C857F67215E3288005A6947 /* Main.storyboard */,
			);
			path = Workflow;
			sourceTree = "<group>";
		};
		9C857F9A215E3431005A6947 /* Business */ = {
			isa = PBXGroup;
			children = (
				9C857F9B215E344C005A6947 /* API */,
				9C857F9D215E3458005A6947 /* Controller */,
			);
			path = Business;
			sourceTree = "<group>";
		};
		9C857F9B215E344C005A6947 /* API */ = {
			isa = PBXGroup;
			children = (
				9C857F9C215E3452005A6947 /* Entities */,
				9C857FA9215E46F1005A6947 /* Gateways */,
				9C857FA7215E40AF005A6947 /* APIService.swift */,
			);
			path = API;
			sourceTree = "<group>";
		};
		9C857F9C215E3452005A6947 /* Entities */ = {
			isa = PBXGroup;
			children = (
				9C857FA1215E388D005A6947 /* Transaction.swift */,
			);
			path = Entities;
			sourceTree = "<group>";
		};
		9C857F9D215E3458005A6947 /* Controller */ = {
			isa = PBXGroup;
			children = (
			);
			path = Controller;
			sourceTree = "<group>";
		};
		9C857F9E215E35F5005A6947 /* Base */ = {
			isa = PBXGroup;
			children = (
				9C857F9F215E3607005A6947 /* PresenterBase.swift */,
			);
			path = Base;
			sourceTree = "<group>";
		};
		9C857FA3215E39D0005A6947 /* Main */ = {
			isa = PBXGroup;
			children = (
				9C857F96215E340B005A6947 /* MainPresenter.swift */,
				9C857F65215E3288005A6947 /* MainController.swift */,
			);
			path = Main;
			sourceTree = "<group>";
		};
		9C857FA4215E39D7005A6947 /* Utils */ = {
			isa = PBXGroup;
			children = (
				9C857FA5215E3DC1005A6947 /* Utils.swift */,
			);
			path = Utils;
			sourceTree = "<group>";
		};
		9C857FA9215E46F1005A6947 /* Gateways */ = {
			isa = PBXGroup;
			children = (
				9C857FAA215E477B005A6947 /* APIGateway.swift */,
			);
			path = Gateways;
			sourceTree = "<group>";
		};
/* End PBXGroup section */

/* Begin PBXNativeTarget section */
		9C857F5F215E3288005A6947 /* OrangeBank */ = {
			isa = PBXNativeTarget;
			buildConfigurationList = 9C857F88215E328B005A6947 /* Build configuration list for PBXNativeTarget "OrangeBank" */;
			buildPhases = (
				CA39DF4599C3594F0C9C3956 /* [CP] Check Pods Manifest.lock */,
				9C857F5C215E3288005A6947 /* Sources */,
				9C857F5D215E3288005A6947 /* Frameworks */,
				9C857F5E215E3288005A6947 /* Resources */,
				1EC8D991B56C7F4DF39357ED /* [CP] Embed Pods Frameworks */,
			);
			buildRules = (
			);
			dependencies = (
			);
			name = OrangeBank;
			productName = OrangeBank;
			productReference = 9C857F60215E3288005A6947 /* OrangeBank.app */;
			productType = "com.apple.product-type.application";
		};
		9C857F73215E328B005A6947 /* OrangeBankTests */ = {
			isa = PBXNativeTarget;
			buildConfigurationList = 9C857F8B215E328B005A6947 /* Build configuration list for PBXNativeTarget "OrangeBankTests" */;
			buildPhases = (
				E3A246A6F0D1BF47DE5F3C3A /* [CP] Check Pods Manifest.lock */,
				9C857F70215E328B005A6947 /* Sources */,
				9C857F71215E328B005A6947 /* Frameworks */,
				9C857F72215E328B005A6947 /* Resources */,
			);
			buildRules = (
			);
			dependencies = (
				9C857F76215E328B005A6947 /* PBXTargetDependency */,
			);
			name = OrangeBankTests;
			productName = OrangeBankTests;
			productReference = 9C857F74215E328B005A6947 /* OrangeBankTests.xctest */;
			productType = "com.apple.product-type.bundle.unit-test";
		};
		9C857F7E215E328B005A6947 /* OrangeBankUITests */ = {
			isa = PBXNativeTarget;
			buildConfigurationList = 9C857F8E215E328B005A6947 /* Build configuration list for PBXNativeTarget "OrangeBankUITests" */;
			buildPhases = (
				E9235DB4ADE8D33E30DBF4CA /* [CP] Check Pods Manifest.lock */,
				9C857F7B215E328B005A6947 /* Sources */,
				9C857F7C215E328B005A6947 /* Frameworks */,
				9C857F7D215E328B005A6947 /* Resources */,
			);
			buildRules = (
			);
			dependencies = (
				9C857F81215E328B005A6947 /* PBXTargetDependency */,
			);
			name = OrangeBankUITests;
			productName = OrangeBankUITests;
			productReference = 9C857F7F215E328B005A6947 /* OrangeBankUITests.xctest */;
			productType = "com.apple.product-type.bundle.ui-testing";
		};
/* End PBXNativeTarget section */

/* Begin PBXProject section */
		9C857F58215E3288005A6947 /* Project object */ = {
			isa = PBXProject;
			attributes = {
				LastSwiftUpdateCheck = 0940;
				LastUpgradeCheck = 0940;
				ORGANIZATIONNAME = Marcelo;
				TargetAttributes = {
					9C857F5F215E3288005A6947 = {
						CreatedOnToolsVersion = 9.4.1;
					};
					9C857F73215E328B005A6947 = {
						CreatedOnToolsVersion = 9.4.1;
						TestTargetID = 9C857F5F215E3288005A6947;
					};
					9C857F7E215E328B005A6947 = {
						CreatedOnToolsVersion = 9.4.1;
						TestTargetID = 9C857F5F215E3288005A6947;
					};
				};
			};
			buildConfigurationList = 9C857F5B215E3288005A6947 /* Build configuration list for PBXProject "OrangeBank" */;
			compatibilityVersion = "Xcode 9.3";
			developmentRegion = en;
			hasScannedForEncodings = 0;
			knownRegions = (
				en,
				Base,
			);
			mainGroup = 9C857F57215E3288005A6947;
			productRefGroup = 9C857F61215E3288005A6947 /* Products */;
			projectDirPath = "";
			projectRoot = "";
			targets = (
				9C857F5F215E3288005A6947 /* OrangeBank */,
				9C857F73215E328B005A6947 /* OrangeBankTests */,
				9C857F7E215E328B005A6947 /* OrangeBankUITests */,
			);
		};
/* End PBXProject section */

/* Begin PBXResourcesBuildPhase section */
		9C857F5E215E3288005A6947 /* Resources */ = {
			isa = PBXResourcesBuildPhase;
			buildActionMask = 2147483647;
			files = (
				9C857F6E215E328B005A6947 /* LaunchScreen.storyboard in Resources */,
				9C857F6B215E328B005A6947 /* Assets.xcassets in Resources */,
				9C857F69215E3288005A6947 /* Main.storyboard in Resources */,
			);
			runOnlyForDeploymentPostprocessing = 0;
		};
		9C857F72215E328B005A6947 /* Resources */ = {
			isa = PBXResourcesBuildPhase;
			buildActionMask = 2147483647;
			files = (
			);
			runOnlyForDeploymentPostprocessing = 0;
		};
		9C857F7D215E328B005A6947 /* Resources */ = {
			isa = PBXResourcesBuildPhase;
			buildActionMask = 2147483647;
			files = (
			);
			runOnlyForDeploymentPostprocessing = 0;
		};
/* End PBXResourcesBuildPhase section */

/* Begin PBXShellScriptBuildPhase section */
		1EC8D991B56C7F4DF39357ED /* [CP] Embed Pods Frameworks */ = {
			isa = PBXShellScriptBuildPhase;
			buildActionMask = 2147483647;
			files = (
			);
			inputPaths = (
				"${SRCROOT}/Pods/Target Support Files/Pods-OrangeBank/Pods-OrangeBank-frameworks.sh",
				"${BUILT_PRODUCTS_DIR}/Alamofire/Alamofire.framework",
				"${BUILT_PRODUCTS_DIR}/Moya/Moya.framework",
				"${BUILT_PRODUCTS_DIR}/Result/Result.framework",
			);
			name = "[CP] Embed Pods Frameworks";
			outputPaths = (
				"${TARGET_BUILD_DIR}/${FRAMEWORKS_FOLDER_PATH}/Alamofire.framework",
				"${TARGET_BUILD_DIR}/${FRAMEWORKS_FOLDER_PATH}/Moya.framework",
				"${TARGET_BUILD_DIR}/${FRAMEWORKS_FOLDER_PATH}/Result.framework",
			);
			runOnlyForDeploymentPostprocessing = 0;
			shellPath = /bin/sh;
			shellScript = "\"${SRCROOT}/Pods/Target Support Files/Pods-OrangeBank/Pods-OrangeBank-frameworks.sh\"\n";
			showEnvVarsInLog = 0;
		};
		CA39DF4599C3594F0C9C3956 /* [CP] Check Pods Manifest.lock */ = {
			isa = PBXShellScriptBuildPhase;
			buildActionMask = 2147483647;
			files = (
			);
			inputPaths = (
				"${PODS_PODFILE_DIR_PATH}/Podfile.lock",
				"${PODS_ROOT}/Manifest.lock",
			);
			name = "[CP] Check Pods Manifest.lock";
			outputPaths = (
				"$(DERIVED_FILE_DIR)/Pods-OrangeBank-checkManifestLockResult.txt",
			);
			runOnlyForDeploymentPostprocessing = 0;
			shellPath = /bin/sh;
			shellScript = "diff \"${PODS_PODFILE_DIR_PATH}/Podfile.lock\" \"${PODS_ROOT}/Manifest.lock\" > /dev/null\nif [ $? != 0 ] ; then\n    # print error to STDERR\n    echo \"error: The sandbox is not in sync with the Podfile.lock. Run 'pod install' or update your CocoaPods installation.\" >&2\n    exit 1\nfi\n# This output is used by Xcode 'outputs' to avoid re-running this script phase.\necho \"SUCCESS\" > \"${SCRIPT_OUTPUT_FILE_0}\"\n";
			showEnvVarsInLog = 0;
		};
		E3A246A6F0D1BF47DE5F3C3A /* [CP] Check Pods Manifest.lock */ = {
			isa = PBXShellScriptBuildPhase;
			buildActionMask = 2147483647;
			files = (
			);
			inputPaths = (
				"${PODS_PODFILE_DIR_PATH}/Podfile.lock",
				"${PODS_ROOT}/Manifest.lock",
			);
			name = "[CP] Check Pods Manifest.lock";
			outputPaths = (
				"$(DERIVED_FILE_DIR)/Pods-OrangeBankTests-checkManifestLockResult.txt",
			);
			runOnlyForDeploymentPostprocessing = 0;
			shellPath = /bin/sh;
			shellScript = "diff \"${PODS_PODFILE_DIR_PATH}/Podfile.lock\" \"${PODS_ROOT}/Manifest.lock\" > /dev/null\nif [ $? != 0 ] ; then\n    # print error to STDERR\n    echo \"error: The sandbox is not in sync with the Podfile.lock. Run 'pod install' or update your CocoaPods installation.\" >&2\n    exit 1\nfi\n# This output is used by Xcode 'outputs' to avoid re-running this script phase.\necho \"SUCCESS\" > \"${SCRIPT_OUTPUT_FILE_0}\"\n";
			showEnvVarsInLog = 0;
		};
		E9235DB4ADE8D33E30DBF4CA /* [CP] Check Pods Manifest.lock */ = {
			isa = PBXShellScriptBuildPhase;
			buildActionMask = 2147483647;
			files = (
			);
			inputPaths = (
				"${PODS_PODFILE_DIR_PATH}/Podfile.lock",
				"${PODS_ROOT}/Manifest.lock",
			);
			name = "[CP] Check Pods Manifest.lock";
			outputPaths = (
				"$(DERIVED_FILE_DIR)/Pods-OrangeBankUITests-checkManifestLockResult.txt",
			);
			runOnlyForDeploymentPostprocessing = 0;
			shellPath = /bin/sh;
			shellScript = "diff \"${PODS_PODFILE_DIR_PATH}/Podfile.lock\" \"${PODS_ROOT}/Manifest.lock\" > /dev/null\nif [ $? != 0 ] ; then\n    # print error to STDERR\n    echo \"error: The sandbox is not in sync with the Podfile.lock. Run 'pod install' or update your CocoaPods installation.\" >&2\n    exit 1\nfi\n# This output is used by Xcode 'outputs' to avoid re-running this script phase.\necho \"SUCCESS\" > \"${SCRIPT_OUTPUT_FILE_0}\"\n";
			showEnvVarsInLog = 0;
		};
/* End PBXShellScriptBuildPhase section */

/* Begin PBXSourcesBuildPhase section */
		9C857F5C215E3288005A6947 /* Sources */ = {
			isa = PBXSourcesBuildPhase;
			buildActionMask = 2147483647;
			files = (
				9C857F66215E3288005A6947 /* MainController.swift in Sources */,
				9C857FA8215E40AF005A6947 /* APIService.swift in Sources */,
				9C857FA0215E3607005A6947 /* PresenterBase.swift in Sources */,
				9C857F97215E340B005A6947 /* MainPresenter.swift in Sources */,
				9C857F64215E3288005A6947 /* AppDelegate.swift in Sources */,
				9C857FA2215E388D005A6947 /* Transaction.swift in Sources */,
				9C857FA6215E3DC1005A6947 /* Utils.swift in Sources */,
				9C857FAB215E477B005A6947 /* APIGateway.swift in Sources */,
			);
			runOnlyForDeploymentPostprocessing = 0;
		};
		9C857F70215E328B005A6947 /* Sources */ = {
			isa = PBXSourcesBuildPhase;
			buildActionMask = 2147483647;
			files = (
				9C857F79215E328B005A6947 /* OrangeBankTests.swift in Sources */,
			);
			runOnlyForDeploymentPostprocessing = 0;
		};
		9C857F7B215E328B005A6947 /* Sources */ = {
			isa = PBXSourcesBuildPhase;
			buildActionMask = 2147483647;
			files = (
				9C857F84215E328B005A6947 /* OrangeBankUITests.swift in Sources */,
			);
			runOnlyForDeploymentPostprocessing = 0;
		};
/* End PBXSourcesBuildPhase section */

/* Begin PBXTargetDependency section */
		9C857F76215E328B005A6947 /* PBXTargetDependency */ = {
			isa = PBXTargetDependency;
			target = 9C857F5F215E3288005A6947 /* OrangeBank */;
			targetProxy = 9C857F75215E328B005A6947 /* PBXContainerItemProxy */;
		};
		9C857F81215E328B005A6947 /* PBXTargetDependency */ = {
			isa = PBXTargetDependency;
			target = 9C857F5F215E3288005A6947 /* OrangeBank */;
			targetProxy = 9C857F80215E328B005A6947 /* PBXContainerItemProxy */;
		};
/* End PBXTargetDependency section */

/* Begin PBXVariantGroup section */
		9C857F67215E3288005A6947 /* Main.storyboard */ = {
			isa = PBXVariantGroup;
			children = (
				9C857F68215E3288005A6947 /* Base */,
			);
			name = Main.storyboard;
			sourceTree = "<group>";
		};
		9C857F6C215E328B005A6947 /* LaunchScreen.storyboard */ = {
			isa = PBXVariantGroup;
			children = (
				9C857F6D215E328B005A6947 /* Base */,
			);
			name = LaunchScreen.storyboard;
			sourceTree = "<group>";
		};
/* End PBXVariantGroup section */

/* Begin XCBuildConfiguration section */
		9C857F86215E328B005A6947 /* Debug */ = {
			isa = XCBuildConfiguration;
			buildSettings = {
				ALWAYS_SEARCH_USER_PATHS = NO;
				CLANG_ANALYZER_NONNULL = YES;
				CLANG_ANALYZER_NUMBER_OBJECT_CONVERSION = YES_AGGRESSIVE;
				CLANG_CXX_LANGUAGE_STANDARD = "gnu++14";
				CLANG_CXX_LIBRARY = "libc++";
				CLANG_ENABLE_MODULES = YES;
				CLANG_ENABLE_OBJC_ARC = YES;
				CLANG_ENABLE_OBJC_WEAK = YES;
				CLANG_WARN_BLOCK_CAPTURE_AUTORELEASING = YES;
				CLANG_WARN_BOOL_CONVERSION = YES;
				CLANG_WARN_COMMA = YES;
				CLANG_WARN_CONSTANT_CONVERSION = YES;
				CLANG_WARN_DEPRECATED_OBJC_IMPLEMENTATIONS = YES;
				CLANG_WARN_DIRECT_OBJC_ISA_USAGE = YES_ERROR;
				CLANG_WARN_DOCUMENTATION_COMMENTS = YES;
				CLANG_WARN_EMPTY_BODY = YES;
				CLANG_WARN_ENUM_CONVERSION = YES;
				CLANG_WARN_INFINITE_RECURSION = YES;
				CLANG_WARN_INT_CONVERSION = YES;
				CLANG_WARN_NON_LITERAL_NULL_CONVERSION = YES;
				CLANG_WARN_OBJC_IMPLICIT_RETAIN_SELF = YES;
				CLANG_WARN_OBJC_LITERAL_CONVERSION = YES;
				CLANG_WARN_OBJC_ROOT_CLASS = YES_ERROR;
				CLANG_WARN_RANGE_LOOP_ANALYSIS = YES;
				CLANG_WARN_STRICT_PROTOTYPES = YES;
				CLANG_WARN_SUSPICIOUS_MOVE = YES;
				CLANG_WARN_UNGUARDED_AVAILABILITY = YES_AGGRESSIVE;
				CLANG_WARN_UNREACHABLE_CODE = YES;
				CLANG_WARN__DUPLICATE_METHOD_MATCH = YES;
				CODE_SIGN_IDENTITY = "iPhone Developer";
				COPY_PHASE_STRIP = NO;
				DEBUG_INFORMATION_FORMAT = dwarf;
				ENABLE_STRICT_OBJC_MSGSEND = YES;
				ENABLE_TESTABILITY = YES;
				GCC_C_LANGUAGE_STANDARD = gnu11;
				GCC_DYNAMIC_NO_PIC = NO;
				GCC_NO_COMMON_BLOCKS = YES;
				GCC_OPTIMIZATION_LEVEL = 0;
				GCC_PREPROCESSOR_DEFINITIONS = (
					"DEBUG=1",
					"$(inherited)",
				);
				GCC_WARN_64_TO_32_BIT_CONVERSION = YES;
				GCC_WARN_ABOUT_RETURN_TYPE = YES_ERROR;
				GCC_WARN_UNDECLARED_SELECTOR = YES;
				GCC_WARN_UNINITIALIZED_AUTOS = YES_AGGRESSIVE;
				GCC_WARN_UNUSED_FUNCTION = YES;
				GCC_WARN_UNUSED_VARIABLE = YES;
				IPHONEOS_DEPLOYMENT_TARGET = 11.4;
				MTL_ENABLE_DEBUG_INFO = YES;
				ONLY_ACTIVE_ARCH = YES;
				SDKROOT = iphoneos;
				SWIFT_ACTIVE_COMPILATION_CONDITIONS = DEBUG;
				SWIFT_OPTIMIZATION_LEVEL = "-Onone";
			};
			name = Debug;
		};
		9C857F87215E328B005A6947 /* Release */ = {
			isa = XCBuildConfiguration;
			buildSettings = {
				ALWAYS_SEARCH_USER_PATHS = NO;
				CLANG_ANALYZER_NONNULL = YES;
				CLANG_ANALYZER_NUMBER_OBJECT_CONVERSION = YES_AGGRESSIVE;
				CLANG_CXX_LANGUAGE_STANDARD = "gnu++14";
				CLANG_CXX_LIBRARY = "libc++";
				CLANG_ENABLE_MODULES = YES;
				CLANG_ENABLE_OBJC_ARC = YES;
				CLANG_ENABLE_OBJC_WEAK = YES;
				CLANG_WARN_BLOCK_CAPTURE_AUTORELEASING = YES;
				CLANG_WARN_BOOL_CONVERSION = YES;
				CLANG_WARN_COMMA = YES;
				CLANG_WARN_CONSTANT_CONVERSION = YES;
				CLANG_WARN_DEPRECATED_OBJC_IMPLEMENTATIONS = YES;
				CLANG_WARN_DIRECT_OBJC_ISA_USAGE = YES_ERROR;
				CLANG_WARN_DOCUMENTATION_COMMENTS = YES;
				CLANG_WARN_EMPTY_BODY = YES;
				CLANG_WARN_ENUM_CONVERSION = YES;
				CLANG_WARN_INFINITE_RECURSION = YES;
				CLANG_WARN_INT_CONVERSION = YES;
				CLANG_WARN_NON_LITERAL_NULL_CONVERSION = YES;
				CLANG_WARN_OBJC_IMPLICIT_RETAIN_SELF = YES;
				CLANG_WARN_OBJC_LITERAL_CONVERSION = YES;
				CLANG_WARN_OBJC_ROOT_CLASS = YES_ERROR;
				CLANG_WARN_RANGE_LOOP_ANALYSIS = YES;
				CLANG_WARN_STRICT_PROTOTYPES = YES;
				CLANG_WARN_SUSPICIOUS_MOVE = YES;
				CLANG_WARN_UNGUARDED_AVAILABILITY = YES_AGGRESSIVE;
				CLANG_WARN_UNREACHABLE_CODE = YES;
				CLANG_WARN__DUPLICATE_METHOD_MATCH = YES;
				CODE_SIGN_IDENTITY = "iPhone Developer";
				COPY_PHASE_STRIP = NO;
				DEBUG_INFORMATION_FORMAT = "dwarf-with-dsym";
				ENABLE_NS_ASSERTIONS = NO;
				ENABLE_STRICT_OBJC_MSGSEND = YES;
				GCC_C_LANGUAGE_STANDARD = gnu11;
				GCC_NO_COMMON_BLOCKS = YES;
				GCC_WARN_64_TO_32_BIT_CONVERSION = YES;
				GCC_WARN_ABOUT_RETURN_TYPE = YES_ERROR;
				GCC_WARN_UNDECLARED_SELECTOR = YES;
				GCC_WARN_UNINITIALIZED_AUTOS = YES_AGGRESSIVE;
				GCC_WARN_UNUSED_FUNCTION = YES;
				GCC_WARN_UNUSED_VARIABLE = YES;
				IPHONEOS_DEPLOYMENT_TARGET = 11.4;
				MTL_ENABLE_DEBUG_INFO = NO;
				SDKROOT = iphoneos;
				SWIFT_COMPILATION_MODE = wholemodule;
				SWIFT_OPTIMIZATION_LEVEL = "-O";
				VALIDATE_PRODUCT = YES;
			};
			name = Release;
		};
		9C857F89215E328B005A6947 /* Debug */ = {
			isa = XCBuildConfiguration;
			baseConfigurationReference = 51A0E01D815646E73C3E9508 /* Pods-OrangeBank.debug.xcconfig */;
			buildSettings = {
				ASSETCATALOG_COMPILER_APPICON_NAME = AppIcon;
				CODE_SIGN_STYLE = Automatic;
				DEVELOPMENT_TEAM = 7AWYF64B72;
				INFOPLIST_FILE = OrangeBank/Info.plist;
				LD_RUNPATH_SEARCH_PATHS = (
					"$(inherited)",
					"@executable_path/Frameworks",
				);
				PRODUCT_BUNDLE_IDENTIFIER = com.Marcelo.OrangeBank;
				PRODUCT_NAME = "$(TARGET_NAME)";
				SWIFT_VERSION = 4.0;
				TARGETED_DEVICE_FAMILY = "1,2";
			};
			name = Debug;
		};
		9C857F8A215E328B005A6947 /* Release */ = {
			isa = XCBuildConfiguration;
			baseConfigurationReference = DE4C517FAB06847F466212A7 /* Pods-OrangeBank.release.xcconfig */;
			buildSettings = {
				ASSETCATALOG_COMPILER_APPICON_NAME = AppIcon;
				CODE_SIGN_STYLE = Automatic;
				DEVELOPMENT_TEAM = 7AWYF64B72;
				INFOPLIST_FILE = OrangeBank/Info.plist;
				LD_RUNPATH_SEARCH_PATHS = (
					"$(inherited)",
					"@executable_path/Frameworks",
				);
				PRODUCT_BUNDLE_IDENTIFIER = com.Marcelo.OrangeBank;
				PRODUCT_NAME = "$(TARGET_NAME)";
				SWIFT_VERSION = 4.0;
				TARGETED_DEVICE_FAMILY = "1,2";
			};
			name = Release;
		};
		9C857F8C215E328B005A6947 /* Debug */ = {
			isa = XCBuildConfiguration;
			baseConfigurationReference = 8D80C347FBA3FEDAAC8C9AF1 /* Pods-OrangeBankTests.debug.xcconfig */;
			buildSettings = {
				ALWAYS_EMBED_SWIFT_STANDARD_LIBRARIES = YES;
				BUNDLE_LOADER = "$(TEST_HOST)";
				CODE_SIGN_STYLE = Automatic;
				DEVELOPMENT_TEAM = 7AWYF64B72;
				INFOPLIST_FILE = OrangeBankTests/Info.plist;
				LD_RUNPATH_SEARCH_PATHS = (
					"$(inherited)",
					"@executable_path/Frameworks",
					"@loader_path/Frameworks",
				);
				PRODUCT_BUNDLE_IDENTIFIER = com.Marcelo.OrangeBankTests;
				PRODUCT_NAME = "$(TARGET_NAME)";
				SWIFT_VERSION = 4.0;
				TARGETED_DEVICE_FAMILY = "1,2";
				TEST_HOST = "$(BUILT_PRODUCTS_DIR)/OrangeBank.app/OrangeBank";
			};
			name = Debug;
		};
		9C857F8D215E328B005A6947 /* Release */ = {
			isa = XCBuildConfiguration;
			baseConfigurationReference = A47E7299C41426882A718618 /* Pods-OrangeBankTests.release.xcconfig */;
			buildSettings = {
				ALWAYS_EMBED_SWIFT_STANDARD_LIBRARIES = YES;
				BUNDLE_LOADER = "$(TEST_HOST)";
				CODE_SIGN_STYLE = Automatic;
				DEVELOPMENT_TEAM = 7AWYF64B72;
				INFOPLIST_FILE = OrangeBankTests/Info.plist;
				LD_RUNPATH_SEARCH_PATHS = (
					"$(inherited)",
					"@executable_path/Frameworks",
					"@loader_path/Frameworks",
				);
				PRODUCT_BUNDLE_IDENTIFIER = com.Marcelo.OrangeBankTests;
				PRODUCT_NAME = "$(TARGET_NAME)";
				SWIFT_VERSION = 4.0;
				TARGETED_DEVICE_FAMILY = "1,2";
				TEST_HOST = "$(BUILT_PRODUCTS_DIR)/OrangeBank.app/OrangeBank";
			};
			name = Release;
		};
		9C857F8F215E328B005A6947 /* Debug */ = {
			isa = XCBuildConfiguration;
			baseConfigurationReference = CA951A5EB5638640BFBE9586 /* Pods-OrangeBankUITests.debug.xcconfig */;
			buildSettings = {
				ALWAYS_EMBED_SWIFT_STANDARD_LIBRARIES = YES;
				CODE_SIGN_STYLE = Automatic;
				DEVELOPMENT_TEAM = 7AWYF64B72;
				INFOPLIST_FILE = OrangeBankUITests/Info.plist;
				LD_RUNPATH_SEARCH_PATHS = (
					"$(inherited)",
					"@executable_path/Frameworks",
					"@loader_path/Frameworks",
				);
				PRODUCT_BUNDLE_IDENTIFIER = com.Marcelo.OrangeBankUITests;
				PRODUCT_NAME = "$(TARGET_NAME)";
				SWIFT_VERSION = 4.0;
				TARGETED_DEVICE_FAMILY = "1,2";
				TEST_TARGET_NAME = OrangeBank;
			};
			name = Debug;
		};
		9C857F90215E328B005A6947 /* Release */ = {
			isa = XCBuildConfiguration;
			baseConfigurationReference = 926ADA2EB4F1FF0C2E22B2B2 /* Pods-OrangeBankUITests.release.xcconfig */;
			buildSettings = {
				ALWAYS_EMBED_SWIFT_STANDARD_LIBRARIES = YES;
				CODE_SIGN_STYLE = Automatic;
				DEVELOPMENT_TEAM = 7AWYF64B72;
				INFOPLIST_FILE = OrangeBankUITests/Info.plist;
				LD_RUNPATH_SEARCH_PATHS = (
					"$(inherited)",
					"@executable_path/Frameworks",
					"@loader_path/Frameworks",
				);
				PRODUCT_BUNDLE_IDENTIFIER = com.Marcelo.OrangeBankUITests;
				PRODUCT_NAME = "$(TARGET_NAME)";
				SWIFT_VERSION = 4.0;
				TARGETED_DEVICE_FAMILY = "1,2";
				TEST_TARGET_NAME = OrangeBank;
			};
			name = Release;
		};
/* End XCBuildConfiguration section */

/* Begin XCConfigurationList section */
		9C857F5B215E3288005A6947 /* Build configuration list for PBXProject "OrangeBank" */ = {
			isa = XCConfigurationList;
			buildConfigurations = (
				9C857F86215E328B005A6947 /* Debug */,
				9C857F87215E328B005A6947 /* Release */,
			);
			defaultConfigurationIsVisible = 0;
			defaultConfigurationName = Release;
		};
		9C857F88215E328B005A6947 /* Build configuration list for PBXNativeTarget "OrangeBank" */ = {
			isa = XCConfigurationList;
			buildConfigurations = (
				9C857F89215E328B005A6947 /* Debug */,
				9C857F8A215E328B005A6947 /* Release */,
			);
			defaultConfigurationIsVisible = 0;
			defaultConfigurationName = Release;
		};
		9C857F8B215E328B005A6947 /* Build configuration list for PBXNativeTarget "OrangeBankTests" */ = {
			isa = XCConfigurationList;
			buildConfigurations = (
				9C857F8C215E328B005A6947 /* Debug */,
				9C857F8D215E328B005A6947 /* Release */,
			);
			defaultConfigurationIsVisible = 0;
			defaultConfigurationName = Release;
		};
		9C857F8E215E328B005A6947 /* Build configuration list for PBXNativeTarget "OrangeBankUITests" */ = {
			isa = XCConfigurationList;
			buildConfigurations = (
				9C857F8F215E328B005A6947 /* Debug */,
				9C857F90215E328B005A6947 /* Release */,
			);
			defaultConfigurationIsVisible = 0;
			defaultConfigurationName = Release;
		};
/* End XCConfigurationList section */
	};
	rootObject = 9C857F58215E3288005A6947 /* Project object */;
}
